
Microsoft Visual Studio Solution File, Format Version 12.00
# Visual Studio Version 16
VisualStudioVersion = 16.0.28516.95
MinimumVisualStudioVersion = 10.0.40219.1
Project("{FAE04EC0-301F-11D3-BF4B-00C04F79EFBC}") = "IoT.Capstone.KeyGen.Client", "IoT.Capstone.KeyGen.Client\IoT.Capstone.KeyGen.Client.csproj", "{E466408D-2AA4-4AD7-B94B-9580D3667326}"
EndProject
Project("{FAE04EC0-301F-11D3-BF4B-00C04F79EFBC}") = "IoT.Capstone.KeyGen.Admin", "IoT.Capstone.KeyGen.Admin\IoT.Capstone.KeyGen.Admin.csproj", "{85737983-278E-4319-BD33-D0CD5F5E73BD}"
EndProject
Global
	GlobalSection(SolutionConfigurationPlatforms) = preSolution
		Debug|Any CPU = Debug|Any CPU
		Release|Any CPU = Release|Any CPU
	EndGlobalSection
	GlobalSection(ProjectConfigurationPlatforms) = postSolution
		{E466408D-2AA4-4AD7-B94B-9580D3667326}.Debug|Any CPU.ActiveCfg = Debug|Any CPU
		{E466408D-2AA4-4AD7-B94B-9580D3667326}.Debug|Any CPU.Build.0 = Debug|Any CPU
		{E466408D-2AA4-4AD7-B94B-9580D3667326}.Release|Any CPU.ActiveCfg = Release|Any CPU
		{E466408D-2AA4-4AD7-B94B-9580D3667326}.Release|Any CPU.Build.0 = Release|Any CPU
		{85737983-278E-4319-BD33-D0CD5F5E73BD}.Debug|Any CPU.ActiveCfg = Debug|Any CPU
		{85737983-278E-4319-BD33-D0CD5F5E73BD}.Debug|Any CPU.Build.0 = Debug|Any CPU
		{85737983-278E-4319-BD33-D0CD5F5E73BD}.Release|Any CPU.ActiveCfg = Release|Any CPU
		{85737983-278E-4319-BD33-D0CD5F5E73BD}.Release|Any CPU.Build.0 = Release|Any CPU
	EndGlobalSection
	GlobalSection(SolutionProperties) = preSolution
		HideSolutionNode = FALSE
	EndGlobalSection
	GlobalSection(ExtensibilityGlobals) = postSolution
		SolutionGuid = {E8684390-0A90-4807-AF48-413DFDE7AF58}
	EndGlobalSection
EndGlobal
